
Microsoft Visual Studio Solution File, Format Version 12.00
# Visual Studio Version 16
VisualStudioVersion = 16.0.29215.179
MinimumVisualStudioVersion = 10.0.40219.1
Project("{FAE04EC0-301F-11D3-BF4B-00C04F79EFBC}") = "menzelle.com", "menzelle.com.csproj", "{EFB6F3FE-C8B5-4C41-BA4A-57482AC1EC32}"
EndProject
Global
	GlobalSection(SolutionConfigurationPlatforms) = preSolution
		Debug|Any CPU = Debug|Any CPU
		Release|Any CPU = Release|Any CPU
	EndGlobalSection
	GlobalSection(ProjectConfigurationPlatforms) = postSolution
		{EFB6F3FE-C8B5-4C41-BA4A-57482AC1EC32}.Debug|Any CPU.ActiveCfg = Debug|Any CPU
		{EFB6F3FE-C8B5-4C41-BA4A-57482AC1EC32}.Debug|Any CPU.Build.0 = Debug|Any CPU
		{EFB6F3FE-C8B5-4C41-BA4A-57482AC1EC32}.Release|Any CPU.ActiveCfg = Release|Any CPU
		{EFB6F3FE-C8B5-4C41-BA4A-57482AC1EC32}.Release|Any CPU.Build.0 = Release|Any CPU
	EndGlobalSection
	GlobalSection(SolutionProperties) = preSolution
		HideSolutionNode = FALSE
	EndGlobalSection
	GlobalSection(ExtensibilityGlobals) = postSolution
		SolutionGuid = {A3B94D22-06F0-467C-9897-C73F47A81EC2}
	EndGlobalSection
EndGlobal
