
Microsoft Visual Studio Solution File, Format Version 12.00
# Visual Studio 15
VisualStudioVersion = 15.0.26711.1
MinimumVisualStudioVersion = 10.0.40219.1
Project("{FAE04EC0-301F-11D3-BF4B-00C04F79EFBC}") = "AppWithScheduler", "AppWithScheduler\AppWithScheduler.csproj", "{B2414B12-3542-417C-BB76-141DCBFA441C}"
EndProject
Global
	GlobalSection(SolutionConfigurationPlatforms) = preSolution
		Debug|Any CPU = Debug|Any CPU
		Release|Any CPU = Release|Any CPU
	EndGlobalSection
	GlobalSection(ProjectConfigurationPlatforms) = postSolution
		{B2414B12-3542-417C-BB76-141DCBFA441C}.Debug|Any CPU.ActiveCfg = Debug|Any CPU
		{B2414B12-3542-417C-BB76-141DCBFA441C}.Debug|Any CPU.Build.0 = Debug|Any CPU
		{B2414B12-3542-417C-BB76-141DCBFA441C}.Release|Any CPU.ActiveCfg = Release|Any CPU
		{B2414B12-3542-417C-BB76-141DCBFA441C}.Release|Any CPU.Build.0 = Release|Any CPU
	EndGlobalSection
	GlobalSection(SolutionProperties) = preSolution
		HideSolutionNode = FALSE
	EndGlobalSection
	GlobalSection(ExtensibilityGlobals) = postSolution
		SolutionGuid = {3DFA2F2C-FAF2-4488-AF37-A1FA687CDF1C}
	EndGlobalSection
EndGlobal
