
Microsoft Visual Studio Solution File, Format Version 12.00
# Visual Studio Version 16
VisualStudioVersion = 16.0.28803.202
MinimumVisualStudioVersion = 10.0.40219.1
Project("{FAE04EC0-301F-11D3-BF4B-00C04F79EFBC}") = "LukeOnVacationAssignment", "LukeOnVacationAssignment\LukeOnVacationAssignment.csproj", "{F97B139D-8CA9-4371-B1D3-D103D568FBC8}"
EndProject
Global
	GlobalSection(SolutionConfigurationPlatforms) = preSolution
		Debug|Any CPU = Debug|Any CPU
		Release|Any CPU = Release|Any CPU
	EndGlobalSection
	GlobalSection(ProjectConfigurationPlatforms) = postSolution
		{F97B139D-8CA9-4371-B1D3-D103D568FBC8}.Debug|Any CPU.ActiveCfg = Debug|Any CPU
		{F97B139D-8CA9-4371-B1D3-D103D568FBC8}.Debug|Any CPU.Build.0 = Debug|Any CPU
		{F97B139D-8CA9-4371-B1D3-D103D568FBC8}.Release|Any CPU.ActiveCfg = Release|Any CPU
		{F97B139D-8CA9-4371-B1D3-D103D568FBC8}.Release|Any CPU.Build.0 = Release|Any CPU
	EndGlobalSection
	GlobalSection(SolutionProperties) = preSolution
		HideSolutionNode = FALSE
	EndGlobalSection
	GlobalSection(ExtensibilityGlobals) = postSolution
		SolutionGuid = {9A7B6C53-81A7-490C-AB31-9710FAF5B67E}
	EndGlobalSection
EndGlobal
