
Microsoft Visual Studio Solution File, Format Version 12.00
# Visual Studio Version 16
VisualStudioVersion = 16.0.29215.179
MinimumVisualStudioVersion = 10.0.40219.1
Project("{FAE04EC0-301F-11D3-BF4B-00C04F79EFBC}") = "Scheduler", "Scheduler.csproj", "{CC012105-5EB3-4256-A133-47F3495736FA}"
EndProject
Global
	GlobalSection(SolutionConfigurationPlatforms) = preSolution
		Debug|Any CPU = Debug|Any CPU
		Release|Any CPU = Release|Any CPU
	EndGlobalSection
	GlobalSection(ProjectConfigurationPlatforms) = postSolution
		{CC012105-5EB3-4256-A133-47F3495736FA}.Debug|Any CPU.ActiveCfg = Debug|Any CPU
		{CC012105-5EB3-4256-A133-47F3495736FA}.Debug|Any CPU.Build.0 = Debug|Any CPU
		{CC012105-5EB3-4256-A133-47F3495736FA}.Release|Any CPU.ActiveCfg = Release|Any CPU
		{CC012105-5EB3-4256-A133-47F3495736FA}.Release|Any CPU.Build.0 = Release|Any CPU
	EndGlobalSection
	GlobalSection(SolutionProperties) = preSolution
		HideSolutionNode = FALSE
	EndGlobalSection
	GlobalSection(ExtensibilityGlobals) = postSolution
		SolutionGuid = {3A127E6B-6DB4-4CDD-BDF9-B9F7C505AB32}
	EndGlobalSection
EndGlobal
