
Microsoft Visual Studio Solution File, Format Version 12.00
# Visual Studio Version 16
VisualStudioVersion = 16.0.28803.202
MinimumVisualStudioVersion = 10.0.40219.1
Project("{9A19103F-16F7-4668-BE54-9A1E7A4F7556}") = "RoadCaptain", "RoadCaptain\RoadCaptain.csproj", "{E8D993FD-349B-4541-9615-B73DE2843855}"
EndProject
Project("{9A19103F-16F7-4668-BE54-9A1E7A4F7556}") = "SquareDonationForm", "..\connect-api-examples\connect-examples\v2\csharp_payment\SquareDonationForm.csproj", "{A211CB95-24E6-49A4-95A0-E1AAC939C002}"
EndProject
Global
	GlobalSection(SolutionConfigurationPlatforms) = preSolution
		Debug|Any CPU = Debug|Any CPU
		Release|Any CPU = Release|Any CPU
	EndGlobalSection
	GlobalSection(ProjectConfigurationPlatforms) = postSolution
		{E8D993FD-349B-4541-9615-B73DE2843855}.Debug|Any CPU.ActiveCfg = Debug|Any CPU
		{E8D993FD-349B-4541-9615-B73DE2843855}.Debug|Any CPU.Build.0 = Debug|Any CPU
		{E8D993FD-349B-4541-9615-B73DE2843855}.Release|Any CPU.ActiveCfg = Release|Any CPU
		{E8D993FD-349B-4541-9615-B73DE2843855}.Release|Any CPU.Build.0 = Release|Any CPU
		{A211CB95-24E6-49A4-95A0-E1AAC939C002}.Debug|Any CPU.ActiveCfg = Debug|Any CPU
		{A211CB95-24E6-49A4-95A0-E1AAC939C002}.Debug|Any CPU.Build.0 = Debug|Any CPU
		{A211CB95-24E6-49A4-95A0-E1AAC939C002}.Release|Any CPU.ActiveCfg = Release|Any CPU
		{A211CB95-24E6-49A4-95A0-E1AAC939C002}.Release|Any CPU.Build.0 = Release|Any CPU
	EndGlobalSection
	GlobalSection(SolutionProperties) = preSolution
		HideSolutionNode = FALSE
	EndGlobalSection
	GlobalSection(ExtensibilityGlobals) = postSolution
		SolutionGuid = {433ABAD0-5177-4160-87B6-CD288ABF596E}
	EndGlobalSection
EndGlobal
