
Microsoft Visual Studio Solution File, Format Version 12.00
# Visual Studio 15
VisualStudioVersion = 15.0.28307.136
MinimumVisualStudioVersion = 10.0.40219.1
Project("{FAE04EC0-301F-11D3-BF4B-00C04F79EFBC}") = "MenzelleJacobs", "MenzelleJacobs\MenzelleJacobs.csproj", "{D17EB276-CF2E-43FF-839A-3024CCF1B154}"
EndProject
Global
	GlobalSection(SolutionConfigurationPlatforms) = preSolution
		Debug|Any CPU = Debug|Any CPU
		Release|Any CPU = Release|Any CPU
	EndGlobalSection
	GlobalSection(ProjectConfigurationPlatforms) = postSolution
		{D17EB276-CF2E-43FF-839A-3024CCF1B154}.Debug|Any CPU.ActiveCfg = Debug|Any CPU
		{D17EB276-CF2E-43FF-839A-3024CCF1B154}.Debug|Any CPU.Build.0 = Debug|Any CPU
		{D17EB276-CF2E-43FF-839A-3024CCF1B154}.Release|Any CPU.ActiveCfg = Release|Any CPU
		{D17EB276-CF2E-43FF-839A-3024CCF1B154}.Release|Any CPU.Build.0 = Release|Any CPU
	EndGlobalSection
	GlobalSection(SolutionProperties) = preSolution
		HideSolutionNode = FALSE
	EndGlobalSection
	GlobalSection(ExtensibilityGlobals) = postSolution
		SolutionGuid = {25C82684-9662-4108-AA85-694F81ED9638}
	EndGlobalSection
EndGlobal
