
Microsoft Visual Studio Solution File, Format Version 12.00
# Visual Studio Version 16
VisualStudioVersion = 16.0.29215.179
MinimumVisualStudioVersion = 10.0.40219.1
Project("{FAE04EC0-301F-11D3-BF4B-00C04F79EFBC}") = "ESRI", "ESRI.csproj", "{0450209F-838E-4A48-8746-2152A87F4460}"
EndProject
Global
	GlobalSection(SolutionConfigurationPlatforms) = preSolution
		Debug|Any CPU = Debug|Any CPU
		Release|Any CPU = Release|Any CPU
	EndGlobalSection
	GlobalSection(ProjectConfigurationPlatforms) = postSolution
		{0450209F-838E-4A48-8746-2152A87F4460}.Debug|Any CPU.ActiveCfg = Debug|Any CPU
		{0450209F-838E-4A48-8746-2152A87F4460}.Debug|Any CPU.Build.0 = Debug|Any CPU
		{0450209F-838E-4A48-8746-2152A87F4460}.Release|Any CPU.ActiveCfg = Release|Any CPU
		{0450209F-838E-4A48-8746-2152A87F4460}.Release|Any CPU.Build.0 = Release|Any CPU
	EndGlobalSection
	GlobalSection(SolutionProperties) = preSolution
		HideSolutionNode = FALSE
	EndGlobalSection
	GlobalSection(ExtensibilityGlobals) = postSolution
		SolutionGuid = {7AB1CBFD-D38F-42BF-8554-870089ED1E66}
	EndGlobalSection
EndGlobal
